
Microsoft Visual Studio Solution File, Format Version 12.00
# Visual Studio 15
VisualStudioVersion = 15.0.28010.2003
MinimumVisualStudioVersion = 10.0.40219.1
Project("{9A19103F-16F7-4668-BE54-9A1E7A4F7556}") = "HBPonto", "HBPonto\HBPonto.csproj", "{0E386B3A-4C31-496D-AF69-833FC99DCD2B}"
EndProject
Project("{9A19103F-16F7-4668-BE54-9A1E7A4F7556}") = "HBPonto.Authentication", "HBPonto.Authentication\HBPonto.Authentication.csproj", "{21D5DF5B-7E1B-4019-AEAA-4B4C0F905B9D}"
EndProject
Project("{9A19103F-16F7-4668-BE54-9A1E7A4F7556}") = "HBPonto.Kernel", "HBPonto.Interfaces\HBPonto.Kernel.csproj", "{432233F5-8196-4CD2-B4D3-6FA743DFC3CF}"
EndProject
Project("{9A19103F-16F7-4668-BE54-9A1E7A4F7556}") = "HBPonto.Database", "HBPonto.Database\HBPonto.Database.csproj", "{2AF132BE-EF83-4AB5-99BA-7FCE6E0EDF00}"
EndProject
Project("{9A19103F-16F7-4668-BE54-9A1E7A4F7556}") = "HBPonto.IoC", "HBPonto.IoC\HBPonto.IoC.csproj", "{02699A40-C248-450E-A237-2B9C88B3BB89}"
EndProject
Project("{9A19103F-16F7-4668-BE54-9A1E7A4F7556}") = "HBPonto.JIRA", "HBPonto.JIRA\HBPonto.JIRA.csproj", "{FB244B74-54FE-450F-95BE-D31316E34C22}"
EndProject
Project("{9A19103F-16F7-4668-BE54-9A1E7A4F7556}") = "HBPonto.Test", "HBPonto.Test\HBPonto.Test.csproj", "{9E50BBF8-9719-47C1-8886-FA67728E31CF}"
EndProject
Global
	GlobalSection(SolutionConfigurationPlatforms) = preSolution
		Debug|Any CPU = Debug|Any CPU
		Release|Any CPU = Release|Any CPU
	EndGlobalSection
	GlobalSection(ProjectConfigurationPlatforms) = postSolution
		{0E386B3A-4C31-496D-AF69-833FC99DCD2B}.Debug|Any CPU.ActiveCfg = Debug|Any CPU
		{0E386B3A-4C31-496D-AF69-833FC99DCD2B}.Debug|Any CPU.Build.0 = Debug|Any CPU
		{0E386B3A-4C31-496D-AF69-833FC99DCD2B}.Release|Any CPU.ActiveCfg = Release|Any CPU
		{0E386B3A-4C31-496D-AF69-833FC99DCD2B}.Release|Any CPU.Build.0 = Release|Any CPU
		{21D5DF5B-7E1B-4019-AEAA-4B4C0F905B9D}.Debug|Any CPU.ActiveCfg = Debug|Any CPU
		{21D5DF5B-7E1B-4019-AEAA-4B4C0F905B9D}.Debug|Any CPU.Build.0 = Debug|Any CPU
		{21D5DF5B-7E1B-4019-AEAA-4B4C0F905B9D}.Release|Any CPU.ActiveCfg = Release|Any CPU
		{21D5DF5B-7E1B-4019-AEAA-4B4C0F905B9D}.Release|Any CPU.Build.0 = Release|Any CPU
		{432233F5-8196-4CD2-B4D3-6FA743DFC3CF}.Debug|Any CPU.ActiveCfg = Debug|Any CPU
		{432233F5-8196-4CD2-B4D3-6FA743DFC3CF}.Debug|Any CPU.Build.0 = Debug|Any CPU
		{432233F5-8196-4CD2-B4D3-6FA743DFC3CF}.Release|Any CPU.ActiveCfg = Release|Any CPU
		{432233F5-8196-4CD2-B4D3-6FA743DFC3CF}.Release|Any CPU.Build.0 = Release|Any CPU
		{2AF132BE-EF83-4AB5-99BA-7FCE6E0EDF00}.Debug|Any CPU.ActiveCfg = Debug|Any CPU
		{2AF132BE-EF83-4AB5-99BA-7FCE6E0EDF00}.Debug|Any CPU.Build.0 = Debug|Any CPU
		{2AF132BE-EF83-4AB5-99BA-7FCE6E0EDF00}.Release|Any CPU.ActiveCfg = Release|Any CPU
		{2AF132BE-EF83-4AB5-99BA-7FCE6E0EDF00}.Release|Any CPU.Build.0 = Release|Any CPU
		{02699A40-C248-450E-A237-2B9C88B3BB89}.Debug|Any CPU.ActiveCfg = Debug|Any CPU
		{02699A40-C248-450E-A237-2B9C88B3BB89}.Debug|Any CPU.Build.0 = Debug|Any CPU
		{02699A40-C248-450E-A237-2B9C88B3BB89}.Release|Any CPU.ActiveCfg = Release|Any CPU
		{02699A40-C248-450E-A237-2B9C88B3BB89}.Release|Any CPU.Build.0 = Release|Any CPU
		{FB244B74-54FE-450F-95BE-D31316E34C22}.Debug|Any CPU.ActiveCfg = Debug|Any CPU
		{FB244B74-54FE-450F-95BE-D31316E34C22}.Debug|Any CPU.Build.0 = Debug|Any CPU
		{FB244B74-54FE-450F-95BE-D31316E34C22}.Release|Any CPU.ActiveCfg = Release|Any CPU
		{FB244B74-54FE-450F-95BE-D31316E34C22}.Release|Any CPU.Build.0 = Release|Any CPU
		{9E50BBF8-9719-47C1-8886-FA67728E31CF}.Debug|Any CPU.ActiveCfg = Debug|Any CPU
		{9E50BBF8-9719-47C1-8886-FA67728E31CF}.Debug|Any CPU.Build.0 = Debug|Any CPU
		{9E50BBF8-9719-47C1-8886-FA67728E31CF}.Release|Any CPU.ActiveCfg = Release|Any CPU
		{9E50BBF8-9719-47C1-8886-FA67728E31CF}.Release|Any CPU.Build.0 = Release|Any CPU
	EndGlobalSection
	GlobalSection(SolutionProperties) = preSolution
		HideSolutionNode = FALSE
	EndGlobalSection
	GlobalSection(ExtensibilityGlobals) = postSolution
		SolutionGuid = {D9B2D990-979D-4D99-A453-B29CD39E1B03}
	EndGlobalSection
EndGlobal
